// !$*UTF8*$!
{
	archiveVersion = 1;
	classes = {
	};
	objectVersion = 55;
	objects = {

/* Begin PBXBuildFile section */
		FD766B3428871B11004F1768 /* AppDelegate.swift in Sources */ = {isa = PBXBuildFile; fileRef = FD766B3328871B11004F1768 /* AppDelegate.swift */; };
		FD766B3628871B11004F1768 /* SceneDelegate.swift in Sources */ = {isa = PBXBuildFile; fileRef = FD766B3528871B11004F1768 /* SceneDelegate.swift */; };
		FD766B3D28871B15004F1768 /* Assets.xcassets in Resources */ = {isa = PBXBuildFile; fileRef = FD766B3C28871B15004F1768 /* Assets.xcassets */; };
		FD766B4028871B15004F1768 /* LaunchScreen.storyboard in Resources */ = {isa = PBXBuildFile; fileRef = FD766B3E28871B15004F1768 /* LaunchScreen.storyboard */; };
		FD766B4D28871D2A004F1768 /* HomeViewController.swift in Sources */ = {isa = PBXBuildFile; fileRef = FD766B4C28871D2A004F1768 /* HomeViewController.swift */; };
		FD766B4F28871EF3004F1768 /* Item.swift in Sources */ = {isa = PBXBuildFile; fileRef = FD766B4E28871EF3004F1768 /* Item.swift */; };
		FD766B5228871FD8004F1768 /* FakeStoreAPI.swift in Sources */ = {isa = PBXBuildFile; fileRef = FD766B5128871FD8004F1768 /* FakeStoreAPI.swift */; };
		FD766B552887218F004F1768 /* AppConstants.swift in Sources */ = {isa = PBXBuildFile; fileRef = FD766B542887218F004F1768 /* AppConstants.swift */; };
		FD766B5728872203004F1768 /* APIService.swift in Sources */ = {isa = PBXBuildFile; fileRef = FD766B5628872203004F1768 /* APIService.swift */; };
		FD766B5A28872B94004F1768 /* HomeViewModel.swift in Sources */ = {isa = PBXBuildFile; fileRef = FD766B5928872B94004F1768 /* HomeViewModel.swift */; };
		FD766B5C28872EA8004F1768 /* BaseViewController.swift in Sources */ = {isa = PBXBuildFile; fileRef = FD766B5B28872EA8004F1768 /* BaseViewController.swift */; };
		FD766B5E28873047004F1768 /* Extensions.swift in Sources */ = {isa = PBXBuildFile; fileRef = FD766B5D28873047004F1768 /* Extensions.swift */; };
		FD766B6028873656004F1768 /* CustomNvigationController.swift in Sources */ = {isa = PBXBuildFile; fileRef = FD766B5F28873656004F1768 /* CustomNvigationController.swift */; };
/* End PBXBuildFile section */

/* Begin PBXFileReference section */
		FD766B3028871B11004F1768 /* FakeStoreCart.app */ = {isa = PBXFileReference; explicitFileType = wrapper.application; includeInIndex = 0; path = FakeStoreCart.app; sourceTree = BUILT_PRODUCTS_DIR; };
		FD766B3328871B11004F1768 /* AppDelegate.swift */ = {isa = PBXFileReference; lastKnownFileType = sourcecode.swift; path = AppDelegate.swift; sourceTree = "<group>"; };
		FD766B3528871B11004F1768 /* SceneDelegate.swift */ = {isa = PBXFileReference; lastKnownFileType = sourcecode.swift; path = SceneDelegate.swift; sourceTree = "<group>"; };
		FD766B3C28871B15004F1768 /* Assets.xcassets */ = {isa = PBXFileReference; lastKnownFileType = folder.assetcatalog; path = Assets.xcassets; sourceTree = "<group>"; };
		FD766B3F28871B15004F1768 /* Base */ = {isa = PBXFileReference; lastKnownFileType = file.storyboard; name = Base; path = Base.lproj/LaunchScreen.storyboard; sourceTree = "<group>"; };
		FD766B4128871B15004F1768 /* Info.plist */ = {isa = PBXFileReference; lastKnownFileType = text.plist.xml; path = Info.plist; sourceTree = "<group>"; };
		FD766B4C28871D2A004F1768 /* HomeViewController.swift */ = {isa = PBXFileReference; lastKnownFileType = sourcecode.swift; path = HomeViewController.swift; sourceTree = "<group>"; };
		FD766B4E28871EF3004F1768 /* Item.swift */ = {isa = PBXFileReference; lastKnownFileType = sourcecode.swift; path = Item.swift; sourceTree = "<group>"; };
		FD766B5128871FD8004F1768 /* FakeStoreAPI.swift */ = {isa = PBXFileReference; lastKnownFileType = sourcecode.swift; path = FakeStoreAPI.swift; sourceTree = "<group>"; };
		FD766B542887218F004F1768 /* AppConstants.swift */ = {isa = PBXFileReference; lastKnownFileType = sourcecode.swift; path = AppConstants.swift; sourceTree = "<group>"; };
		FD766B5628872203004F1768 /* APIService.swift */ = {isa = PBXFileReference; lastKnownFileType = sourcecode.swift; path = APIService.swift; sourceTree = "<group>"; };
		FD766B5928872B94004F1768 /* HomeViewModel.swift */ = {isa = PBXFileReference; lastKnownFileType = sourcecode.swift; path = HomeViewModel.swift; sourceTree = "<group>"; };
		FD766B5B28872EA8004F1768 /* BaseViewController.swift */ = {isa = PBXFileReference; lastKnownFileType = sourcecode.swift; path = BaseViewController.swift; sourceTree = "<group>"; };
		FD766B5D28873047004F1768 /* Extensions.swift */ = {isa = PBXFileReference; lastKnownFileType = sourcecode.swift; path = Extensions.swift; sourceTree = "<group>"; };
		FD766B5F28873656004F1768 /* CustomNvigationController.swift */ = {isa = PBXFileReference; lastKnownFileType = sourcecode.swift; path = CustomNvigationController.swift; sourceTree = "<group>"; };
/* End PBXFileReference section */

/* Begin PBXFrameworksBuildPhase section */
		FD766B2D28871B11004F1768 /* Frameworks */ = {
			isa = PBXFrameworksBuildPhase;
			buildActionMask = 2147483647;
			files = (
			);
			runOnlyForDeploymentPostprocessing = 0;
		};
/* End PBXFrameworksBuildPhase section */

/* Begin PBXGroup section */
		FD766B2728871B11004F1768 = {
			isa = PBXGroup;
			children = (
				FD766B3228871B11004F1768 /* FakeStoreCart */,
				FD766B3128871B11004F1768 /* Products */,
			);
			sourceTree = "<group>";
		};
		FD766B3128871B11004F1768 /* Products */ = {
			isa = PBXGroup;
			children = (
				FD766B3028871B11004F1768 /* FakeStoreCart.app */,
			);
			name = Products;
			sourceTree = "<group>";
		};
		FD766B3228871B11004F1768 /* FakeStoreCart */ = {
			isa = PBXGroup;
			children = (
				FD766B5328872183004F1768 /* Util */,
				FD766B4B28871C79004F1768 /* Domain */,
				FD766B4A28871C73004F1768 /* Data */,
				FD766B4828871C43004F1768 /* Presentation */,
				FD766B3328871B11004F1768 /* AppDelegate.swift */,
				FD766B3528871B11004F1768 /* SceneDelegate.swift */,
				FD766B3C28871B15004F1768 /* Assets.xcassets */,
				FD766B3E28871B15004F1768 /* LaunchScreen.storyboard */,
				FD766B4128871B15004F1768 /* Info.plist */,
			);
			path = FakeStoreCart;
			sourceTree = "<group>";
		};
		FD766B4728871C2D004F1768 /* Model */ = {
			isa = PBXGroup;
			children = (
				FD766B4E28871EF3004F1768 /* Item.swift */,
			);
			path = Model;
			sourceTree = "<group>";
		};
		FD766B4828871C43004F1768 /* Presentation */ = {
			isa = PBXGroup;
			children = (
				FD766B5828872B83004F1768 /* Home */,
				FD766B5B28872EA8004F1768 /* BaseViewController.swift */,
			);
			path = Presentation;
			sourceTree = "<group>";
		};
		FD766B4928871C51004F1768 /* Persistance */ = {
			isa = PBXGroup;
			children = (
			);
			path = Persistance;
			sourceTree = "<group>";
		};
		FD766B4A28871C73004F1768 /* Data */ = {
			isa = PBXGroup;
			children = (
				FD766B5028871FC2004F1768 /* API */,
				FD766B4728871C2D004F1768 /* Model */,
				FD766B4928871C51004F1768 /* Persistance */,
			);
			path = Data;
			sourceTree = "<group>";
		};
		FD766B4B28871C79004F1768 /* Domain */ = {
			isa = PBXGroup;
			children = (
			);
			path = Domain;
			sourceTree = "<group>";
		};
		FD766B5028871FC2004F1768 /* API */ = {
			isa = PBXGroup;
			children = (
				FD766B5628872203004F1768 /* APIService.swift */,
				FD766B5128871FD8004F1768 /* FakeStoreAPI.swift */,
			);
			path = API;
			sourceTree = "<group>";
		};
		FD766B5328872183004F1768 /* Util */ = {
			isa = PBXGroup;
			children = (
				FD766B542887218F004F1768 /* AppConstants.swift */,
				FD766B5D28873047004F1768 /* Extensions.swift */,
				FD766B5F28873656004F1768 /* CustomNvigationController.swift */,
			);
			path = Util;
			sourceTree = "<group>";
		};
		FD766B5828872B83004F1768 /* Home */ = {
			isa = PBXGroup;
			children = (
				FD766B4C28871D2A004F1768 /* HomeViewController.swift */,
				FD766B5928872B94004F1768 /* HomeViewModel.swift */,
			);
			path = Home;
			sourceTree = "<group>";
		};
/* End PBXGroup section */

/* Begin PBXNativeTarget section */
		FD766B2F28871B11004F1768 /* FakeStoreCart */ = {
			isa = PBXNativeTarget;
			buildConfigurationList = FD766B4428871B15004F1768 /* Build configuration list for PBXNativeTarget "FakeStoreCart" */;
			buildPhases = (
				FD766B2C28871B11004F1768 /* Sources */,
				FD766B2D28871B11004F1768 /* Frameworks */,
				FD766B2E28871B11004F1768 /* Resources */,
			);
			buildRules = (
			);
			dependencies = (
			);
			name = FakeStoreCart;
			productName = FakeStoreCart;
			productReference = FD766B3028871B11004F1768 /* FakeStoreCart.app */;
			productType = "com.apple.product-type.application";
		};
/* End PBXNativeTarget section */

/* Begin PBXProject section */
		FD766B2828871B11004F1768 /* Project object */ = {
			isa = PBXProject;
			attributes = {
				BuildIndependentTargetsInParallel = 1;
				LastSwiftUpdateCheck = 1330;
				LastUpgradeCheck = 1330;
				TargetAttributes = {
					FD766B2F28871B11004F1768 = {
						CreatedOnToolsVersion = 13.3.1;
					};
				};
			};
			buildConfigurationList = FD766B2B28871B11004F1768 /* Build configuration list for PBXProject "FakeStoreCart" */;
			compatibilityVersion = "Xcode 13.0";
			developmentRegion = en;
			hasScannedForEncodings = 0;
			knownRegions = (
				en,
				Base,
			);
			mainGroup = FD766B2728871B11004F1768;
			productRefGroup = FD766B3128871B11004F1768 /* Products */;
			projectDirPath = "";
			projectRoot = "";
			targets = (
				FD766B2F28871B11004F1768 /* FakeStoreCart */,
			);
		};
/* End PBXProject section */

/* Begin PBXResourcesBuildPhase section */
		FD766B2E28871B11004F1768 /* Resources */ = {
			isa = PBXResourcesBuildPhase;
			buildActionMask = 2147483647;
			files = (
				FD766B4028871B15004F1768 /* LaunchScreen.storyboard in Resources */,
				FD766B3D28871B15004F1768 /* Assets.xcassets in Resources */,
			);
			runOnlyForDeploymentPostprocessing = 0;
		};
/* End PBXResourcesBuildPhase section */

/* Begin PBXSourcesBuildPhase section */
		FD766B2C28871B11004F1768 /* Sources */ = {
			isa = PBXSourcesBuildPhase;
			buildActionMask = 2147483647;
			files = (
				FD766B4F28871EF3004F1768 /* Item.swift in Sources */,
				FD766B5728872203004F1768 /* APIService.swift in Sources */,
				FD766B552887218F004F1768 /* AppConstants.swift in Sources */,
				FD766B5A28872B94004F1768 /* HomeViewModel.swift in Sources */,
				FD766B3428871B11004F1768 /* AppDelegate.swift in Sources */,
				FD766B6028873656004F1768 /* CustomNvigationController.swift in Sources */,
				FD766B5E28873047004F1768 /* Extensions.swift in Sources */,
				FD766B5C28872EA8004F1768 /* BaseViewController.swift in Sources */,
				FD766B5228871FD8004F1768 /* FakeStoreAPI.swift in Sources */,
				FD766B3628871B11004F1768 /* SceneDelegate.swift in Sources */,
				FD766B4D28871D2A004F1768 /* HomeViewController.swift in Sources */,
			);
			runOnlyForDeploymentPostprocessing = 0;
		};
/* End PBXSourcesBuildPhase section */

/* Begin PBXVariantGroup section */
		FD766B3E28871B15004F1768 /* LaunchScreen.storyboard */ = {
			isa = PBXVariantGroup;
			children = (
				FD766B3F28871B15004F1768 /* Base */,
			);
			name = LaunchScreen.storyboard;
			sourceTree = "<group>";
		};
/* End PBXVariantGroup section */

/* Begin XCBuildConfiguration section */
		FD766B4228871B15004F1768 /* Debug */ = {
			isa = XCBuildConfiguration;
			buildSettings = {
				ALWAYS_SEARCH_USER_PATHS = NO;
				CLANG_ANALYZER_NONNULL = YES;
				CLANG_ANALYZER_NUMBER_OBJECT_CONVERSION = YES_AGGRESSIVE;
				CLANG_CXX_LANGUAGE_STANDARD = "gnu++17";
				CLANG_ENABLE_MODULES = YES;
				CLANG_ENABLE_OBJC_ARC = YES;
				CLANG_ENABLE_OBJC_WEAK = YES;
				CLANG_WARN_BLOCK_CAPTURE_AUTORELEASING = YES;
				CLANG_WARN_BOOL_CONVERSION = YES;
				CLANG_WARN_COMMA = YES;
				CLANG_WARN_CONSTANT_CONVERSION = YES;
				CLANG_WARN_DEPRECATED_OBJC_IMPLEMENTATIONS = YES;
				CLANG_WARN_DIRECT_OBJC_ISA_USAGE = YES_ERROR;
				CLANG_WARN_DOCUMENTATION_COMMENTS = YES;
				CLANG_WARN_EMPTY_BODY = YES;
				CLANG_WARN_ENUM_CONVERSION = YES;
				CLANG_WARN_INFINITE_RECURSION = YES;
				CLANG_WARN_INT_CONVERSION = YES;
				CLANG_WARN_NON_LITERAL_NULL_CONVERSION = YES;
				CLANG_WARN_OBJC_IMPLICIT_RETAIN_SELF = YES;
				CLANG_WARN_OBJC_LITERAL_CONVERSION = YES;
				CLANG_WARN_OBJC_ROOT_CLASS = YES_ERROR;
				CLANG_WARN_QUOTED_INCLUDE_IN_FRAMEWORK_HEADER = YES;
				CLANG_WARN_RANGE_LOOP_ANALYSIS = YES;
				CLANG_WARN_STRICT_PROTOTYPES = YES;
				CLANG_WARN_SUSPICIOUS_MOVE = YES;
				CLANG_WARN_UNGUARDED_AVAILABILITY = YES_AGGRESSIVE;
				CLANG_WARN_UNREACHABLE_CODE = YES;
				CLANG_WARN__DUPLICATE_METHOD_MATCH = YES;
				COPY_PHASE_STRIP = NO;
				DEBUG_INFORMATION_FORMAT = dwarf;
				ENABLE_STRICT_OBJC_MSGSEND = YES;
				ENABLE_TESTABILITY = YES;
				GCC_C_LANGUAGE_STANDARD = gnu11;
				GCC_DYNAMIC_NO_PIC = NO;
				GCC_NO_COMMON_BLOCKS = YES;
				GCC_OPTIMIZATION_LEVEL = 0;
				GCC_PREPROCESSOR_DEFINITIONS = (
					"DEBUG=1",
					"$(inherited)",
				);
				GCC_WARN_64_TO_32_BIT_CONVERSION = YES;
				GCC_WARN_ABOUT_RETURN_TYPE = YES_ERROR;
				GCC_WARN_UNDECLARED_SELECTOR = YES;
				GCC_WARN_UNINITIALIZED_AUTOS = YES_AGGRESSIVE;
				GCC_WARN_UNUSED_FUNCTION = YES;
				GCC_WARN_UNUSED_VARIABLE = YES;
				IPHONEOS_DEPLOYMENT_TARGET = 15.4;
				MTL_ENABLE_DEBUG_INFO = INCLUDE_SOURCE;
				MTL_FAST_MATH = YES;
				ONLY_ACTIVE_ARCH = YES;
				SDKROOT = iphoneos;
				SWIFT_ACTIVE_COMPILATION_CONDITIONS = DEBUG;
				SWIFT_OPTIMIZATION_LEVEL = "-Onone";
			};
			name = Debug;
		};
		FD766B4328871B15004F1768 /* Release */ = {
			isa = XCBuildConfiguration;
			buildSettings = {
				ALWAYS_SEARCH_USER_PATHS = NO;
				CLANG_ANALYZER_NONNULL = YES;
				CLANG_ANALYZER_NUMBER_OBJECT_CONVERSION = YES_AGGRESSIVE;
				CLANG_CXX_LANGUAGE_STANDARD = "gnu++17";
				CLANG_ENABLE_MODULES = YES;
				CLANG_ENABLE_OBJC_ARC = YES;
				CLANG_ENABLE_OBJC_WEAK = YES;
				CLANG_WARN_BLOCK_CAPTURE_AUTORELEASING = YES;
				CLANG_WARN_BOOL_CONVERSION = YES;
				CLANG_WARN_COMMA = YES;
				CLANG_WARN_CONSTANT_CONVERSION = YES;
				CLANG_WARN_DEPRECATED_OBJC_IMPLEMENTATIONS = YES;
				CLANG_WARN_DIRECT_OBJC_ISA_USAGE = YES_ERROR;
				CLANG_WARN_DOCUMENTATION_COMMENTS = YES;
				CLANG_WARN_EMPTY_BODY = YES;
				CLANG_WARN_ENUM_CONVERSION = YES;
				CLANG_WARN_INFINITE_RECURSION = YES;
				CLANG_WARN_INT_CONVERSION = YES;
				CLANG_WARN_NON_LITERAL_NULL_CONVERSION = YES;
				CLANG_WARN_OBJC_IMPLICIT_RETAIN_SELF = YES;
				CLANG_WARN_OBJC_LITERAL_CONVERSION = YES;
				CLANG_WARN_OBJC_ROOT_CLASS = YES_ERROR;
				CLANG_WARN_QUOTED_INCLUDE_IN_FRAMEWORK_HEADER = YES;
				CLANG_WARN_RANGE_LOOP_ANALYSIS = YES;
				CLANG_WARN_STRICT_PROTOTYPES = YES;
				CLANG_WARN_SUSPICIOUS_MOVE = YES;
				CLANG_WARN_UNGUARDED_AVAILABILITY = YES_AGGRESSIVE;
				CLANG_WARN_UNREACHABLE_CODE = YES;
				CLANG_WARN__DUPLICATE_METHOD_MATCH = YES;
				COPY_PHASE_STRIP = NO;
				DEBUG_INFORMATION_FORMAT = "dwarf-with-dsym";
				ENABLE_NS_ASSERTIONS = NO;
				ENABLE_STRICT_OBJC_MSGSEND = YES;
				GCC_C_LANGUAGE_STANDARD = gnu11;
				GCC_NO_COMMON_BLOCKS = YES;
				GCC_WARN_64_TO_32_BIT_CONVERSION = YES;
				GCC_WARN_ABOUT_RETURN_TYPE = YES_ERROR;
				GCC_WARN_UNDECLARED_SELECTOR = YES;
				GCC_WARN_UNINITIALIZED_AUTOS = YES_AGGRESSIVE;
				GCC_WARN_UNUSED_FUNCTION = YES;
				GCC_WARN_UNUSED_VARIABLE = YES;
				IPHONEOS_DEPLOYMENT_TARGET = 15.4;
				MTL_ENABLE_DEBUG_INFO = NO;
				MTL_FAST_MATH = YES;
				SDKROOT = iphoneos;
				SWIFT_COMPILATION_MODE = wholemodule;
				SWIFT_OPTIMIZATION_LEVEL = "-O";
				VALIDATE_PRODUCT = YES;
			};
			name = Release;
		};
		FD766B4528871B15004F1768 /* Debug */ = {
			isa = XCBuildConfiguration;
			buildSettings = {
				ASSETCATALOG_COMPILER_APPICON_NAME = AppIcon;
				ASSETCATALOG_COMPILER_GLOBAL_ACCENT_COLOR_NAME = AccentColor;
				CODE_SIGN_STYLE = Automatic;
				CURRENT_PROJECT_VERSION = 1;
				DEVELOPMENT_TEAM = 9CYSVYA95H;
				GENERATE_INFOPLIST_FILE = YES;
				INFOPLIST_FILE = FakeStoreCart/Info.plist;
				INFOPLIST_KEY_UIApplicationSupportsIndirectInputEvents = YES;
				INFOPLIST_KEY_UILaunchStoryboardName = LaunchScreen;
				INFOPLIST_KEY_UIMainStoryboardFile = Main;
				INFOPLIST_KEY_UISupportedInterfaceOrientations_iPad = "UIInterfaceOrientationPortrait UIInterfaceOrientationPortraitUpsideDown UIInterfaceOrientationLandscapeLeft UIInterfaceOrientationLandscapeRight";
				INFOPLIST_KEY_UISupportedInterfaceOrientations_iPhone = "UIInterfaceOrientationPortrait UIInterfaceOrientationLandscapeLeft UIInterfaceOrientationLandscapeRight";
				LD_RUNPATH_SEARCH_PATHS = (
					"$(inherited)",
					"@executable_path/Frameworks",
				);
				MARKETING_VERSION = 1.0;
				PRODUCT_BUNDLE_IDENTIFIER = com.hishd.FakeStoreCart;
				PRODUCT_NAME = "$(TARGET_NAME)";
				SWIFT_EMIT_LOC_STRINGS = YES;
				SWIFT_VERSION = 5.0;
				TARGETED_DEVICE_FAMILY = "1,2";
			};
			name = Debug;
		};
		FD766B4628871B15004F1768 /* Release */ = {
			isa = XCBuildConfiguration;
			buildSettings = {
				ASSETCATALOG_COMPILER_APPICON_NAME = AppIcon;
				ASSETCATALOG_COMPILER_GLOBAL_ACCENT_COLOR_NAME = AccentColor;
				CODE_SIGN_STYLE = Automatic;
				CURRENT_PROJECT_VERSION = 1;
				DEVELOPMENT_TEAM = 9CYSVYA95H;
				GENERATE_INFOPLIST_FILE = YES;
				INFOPLIST_FILE = FakeStoreCart/Info.plist;
				INFOPLIST_KEY_UIApplicationSupportsIndirectInputEvents = YES;
				INFOPLIST_KEY_UILaunchStoryboardName = LaunchScreen;
				INFOPLIST_KEY_UIMainStoryboardFile = Main;
				INFOPLIST_KEY_UISupportedInterfaceOrientations_iPad = "UIInterfaceOrientationPortrait UIInterfaceOrientationPortraitUpsideDown UIInterfaceOrientationLandscapeLeft UIInterfaceOrientationLandscapeRight";
				INFOPLIST_KEY_UISupportedInterfaceOrientations_iPhone = "UIInterfaceOrientationPortrait UIInterfaceOrientationLandscapeLeft UIInterfaceOrientationLandscapeRight";
				LD_RUNPATH_SEARCH_PATHS = (
					"$(inherited)",
					"@executable_path/Frameworks",
				);
				MARKETING_VERSION = 1.0;
				PRODUCT_BUNDLE_IDENTIFIER = com.hishd.FakeStoreCart;
				PRODUCT_NAME = "$(TARGET_NAME)";
				SWIFT_EMIT_LOC_STRINGS = YES;
				SWIFT_VERSION = 5.0;
				TARGETED_DEVICE_FAMILY = "1,2";
			};
			name = Release;
		};
/* End XCBuildConfiguration section */

/* Begin XCConfigurationList section */
		FD766B2B28871B11004F1768 /* Build configuration list for PBXProject "FakeStoreCart" */ = {
			isa = XCConfigurationList;
			buildConfigurations = (
				FD766B4228871B15004F1768 /* Debug */,
				FD766B4328871B15004F1768 /* Release */,
			);
			defaultConfigurationIsVisible = 0;
			defaultConfigurationName = Release;
		};
		FD766B4428871B15004F1768 /* Build configuration list for PBXNativeTarget "FakeStoreCart" */ = {
			isa = XCConfigurationList;
			buildConfigurations = (
				FD766B4528871B15004F1768 /* Debug */,
				FD766B4628871B15004F1768 /* Release */,
			);
			defaultConfigurationIsVisible = 0;
			defaultConfigurationName = Release;
		};
/* End XCConfigurationList section */
	};
	rootObject = FD766B2828871B11004F1768 /* Project object */;
}
